
Microsoft Visual Studio Solution File, Format Version 12.00
# Visual Studio Version 17
VisualStudioVersion = 17.6.33723.286
MinimumVisualStudioVersion = 10.0.40219.1
Project("{FAE04EC0-301F-11D3-BF4B-00C04F79EFBC}") = "RoomChatServer", "RoomChatServer\RoomChatServer.csproj", "{524F1048-9375-48FC-8905-E914F3521DFA}"
EndProject
Global
	GlobalSection(SolutionConfigurationPlatforms) = preSolution
		Debug|Any CPU = Debug|Any CPU
		Release|Any CPU = Release|Any CPU
	EndGlobalSection
	GlobalSection(ProjectConfigurationPlatforms) = postSolution
		{524F1048-9375-48FC-8905-E914F3521DFA}.Debug|Any CPU.ActiveCfg = Debug|Any CPU
		{524F1048-9375-48FC-8905-E914F3521DFA}.Debug|Any CPU.Build.0 = Debug|Any CPU
		{524F1048-9375-48FC-8905-E914F3521DFA}.Release|Any CPU.ActiveCfg = Release|Any CPU
		{524F1048-9375-48FC-8905-E914F3521DFA}.Release|Any CPU.Build.0 = Release|Any CPU
	EndGlobalSection
	GlobalSection(SolutionProperties) = preSolution
		HideSolutionNode = FALSE
	EndGlobalSection
	GlobalSection(ExtensibilityGlobals) = postSolution
		SolutionGuid = {9ED2EE99-6B2A-4E9D-B8AE-304D991A7DBF}
	EndGlobalSection
EndGlobal
